
Microsoft Visual Studio Solution File, Format Version 12.00
# Visual Studio 15
VisualStudioVersion = 15.0.26124.0
MinimumVisualStudioVersion = 15.0.26124.0
Project("{2150E333-8FDC-42A3-9474-1A3956D46DE8}") = "web", "web", "{351CE126-9114-425C-B8DA-37FE0394D413}"
EndProject
Project("{FAE04EC0-301F-11D3-BF4B-00C04F79EFBC}") = "HowToMediatR.Web", "web\HowToMediatR.Web\HowToMediatR.Web.csproj", "{CB5C4A68-F095-4952-A564-D43F8DBCBB38}"
EndProject
Project("{2150E333-8FDC-42A3-9474-1A3956D46DE8}") = "core", "core", "{9C89E555-4E9D-4DD4-AF7E-F806E79F961B}"
EndProject
Project("{FAE04EC0-301F-11D3-BF4B-00C04F79EFBC}") = "HowToMediatR.Core", "core\HowToMediatR.Core\HowToMediatR.Core.csproj", "{8A6D8D2F-B5EC-4244-AB25-86B961E5E859}"
EndProject
Project("{2150E333-8FDC-42A3-9474-1A3956D46DE8}") = "data", "data", "{533390E7-D3ED-4978-A5FD-8AF679C4F396}"
EndProject
Project("{FAE04EC0-301F-11D3-BF4B-00C04F79EFBC}") = "HowToMediatR.Data", "data\HowToMediatR.Data\HowToMediatR.Data.csproj", "{6A314DB0-DD34-41C4-B09D-D4E3A7F4DFB4}"
EndProject
Global
	GlobalSection(SolutionConfigurationPlatforms) = preSolution
		Debug|Any CPU = Debug|Any CPU
		Debug|x64 = Debug|x64
		Debug|x86 = Debug|x86
		Release|Any CPU = Release|Any CPU
		Release|x64 = Release|x64
		Release|x86 = Release|x86
	EndGlobalSection
	GlobalSection(SolutionProperties) = preSolution
		HideSolutionNode = FALSE
	EndGlobalSection
	GlobalSection(ProjectConfigurationPlatforms) = postSolution
		{CB5C4A68-F095-4952-A564-D43F8DBCBB38}.Debug|Any CPU.ActiveCfg = Debug|Any CPU
		{CB5C4A68-F095-4952-A564-D43F8DBCBB38}.Debug|Any CPU.Build.0 = Debug|Any CPU
		{CB5C4A68-F095-4952-A564-D43F8DBCBB38}.Debug|x64.ActiveCfg = Debug|Any CPU
		{CB5C4A68-F095-4952-A564-D43F8DBCBB38}.Debug|x64.Build.0 = Debug|Any CPU
		{CB5C4A68-F095-4952-A564-D43F8DBCBB38}.Debug|x86.ActiveCfg = Debug|Any CPU
		{CB5C4A68-F095-4952-A564-D43F8DBCBB38}.Debug|x86.Build.0 = Debug|Any CPU
		{CB5C4A68-F095-4952-A564-D43F8DBCBB38}.Release|Any CPU.ActiveCfg = Release|Any CPU
		{CB5C4A68-F095-4952-A564-D43F8DBCBB38}.Release|Any CPU.Build.0 = Release|Any CPU
		{CB5C4A68-F095-4952-A564-D43F8DBCBB38}.Release|x64.ActiveCfg = Release|Any CPU
		{CB5C4A68-F095-4952-A564-D43F8DBCBB38}.Release|x64.Build.0 = Release|Any CPU
		{CB5C4A68-F095-4952-A564-D43F8DBCBB38}.Release|x86.ActiveCfg = Release|Any CPU
		{CB5C4A68-F095-4952-A564-D43F8DBCBB38}.Release|x86.Build.0 = Release|Any CPU
		{8A6D8D2F-B5EC-4244-AB25-86B961E5E859}.Debug|Any CPU.ActiveCfg = Debug|Any CPU
		{8A6D8D2F-B5EC-4244-AB25-86B961E5E859}.Debug|Any CPU.Build.0 = Debug|Any CPU
		{8A6D8D2F-B5EC-4244-AB25-86B961E5E859}.Debug|x64.ActiveCfg = Debug|Any CPU
		{8A6D8D2F-B5EC-4244-AB25-86B961E5E859}.Debug|x64.Build.0 = Debug|Any CPU
		{8A6D8D2F-B5EC-4244-AB25-86B961E5E859}.Debug|x86.ActiveCfg = Debug|Any CPU
		{8A6D8D2F-B5EC-4244-AB25-86B961E5E859}.Debug|x86.Build.0 = Debug|Any CPU
		{8A6D8D2F-B5EC-4244-AB25-86B961E5E859}.Release|Any CPU.ActiveCfg = Release|Any CPU
		{8A6D8D2F-B5EC-4244-AB25-86B961E5E859}.Release|Any CPU.Build.0 = Release|Any CPU
		{8A6D8D2F-B5EC-4244-AB25-86B961E5E859}.Release|x64.ActiveCfg = Release|Any CPU
		{8A6D8D2F-B5EC-4244-AB25-86B961E5E859}.Release|x64.Build.0 = Release|Any CPU
		{8A6D8D2F-B5EC-4244-AB25-86B961E5E859}.Release|x86.ActiveCfg = Release|Any CPU
		{8A6D8D2F-B5EC-4244-AB25-86B961E5E859}.Release|x86.Build.0 = Release|Any CPU
		{6A314DB0-DD34-41C4-B09D-D4E3A7F4DFB4}.Debug|Any CPU.ActiveCfg = Debug|Any CPU
		{6A314DB0-DD34-41C4-B09D-D4E3A7F4DFB4}.Debug|Any CPU.Build.0 = Debug|Any CPU
		{6A314DB0-DD34-41C4-B09D-D4E3A7F4DFB4}.Debug|x64.ActiveCfg = Debug|Any CPU
		{6A314DB0-DD34-41C4-B09D-D4E3A7F4DFB4}.Debug|x64.Build.0 = Debug|Any CPU
		{6A314DB0-DD34-41C4-B09D-D4E3A7F4DFB4}.Debug|x86.ActiveCfg = Debug|Any CPU
		{6A314DB0-DD34-41C4-B09D-D4E3A7F4DFB4}.Debug|x86.Build.0 = Debug|Any CPU
		{6A314DB0-DD34-41C4-B09D-D4E3A7F4DFB4}.Release|Any CPU.ActiveCfg = Release|Any CPU
		{6A314DB0-DD34-41C4-B09D-D4E3A7F4DFB4}.Release|Any CPU.Build.0 = Release|Any CPU
		{6A314DB0-DD34-41C4-B09D-D4E3A7F4DFB4}.Release|x64.ActiveCfg = Release|Any CPU
		{6A314DB0-DD34-41C4-B09D-D4E3A7F4DFB4}.Release|x64.Build.0 = Release|Any CPU
		{6A314DB0-DD34-41C4-B09D-D4E3A7F4DFB4}.Release|x86.ActiveCfg = Release|Any CPU
		{6A314DB0-DD34-41C4-B09D-D4E3A7F4DFB4}.Release|x86.Build.0 = Release|Any CPU
	EndGlobalSection
	GlobalSection(NestedProjects) = preSolution
		{CB5C4A68-F095-4952-A564-D43F8DBCBB38} = {351CE126-9114-425C-B8DA-37FE0394D413}
		{8A6D8D2F-B5EC-4244-AB25-86B961E5E859} = {9C89E555-4E9D-4DD4-AF7E-F806E79F961B}
		{6A314DB0-DD34-41C4-B09D-D4E3A7F4DFB4} = {533390E7-D3ED-4978-A5FD-8AF679C4F396}
	EndGlobalSection
EndGlobal
